
Microsoft Visual Studio Solution File, Format Version 12.00
# Visual Studio Version 16
VisualStudioVersion = 16.0.809.5
MinimumVisualStudioVersion = 10.0.40219.1
Project("{FAE04EC0-301F-11D3-BF4B-00C04F79EFBC}") = "AnimalMatch", "AnimalMatch\AnimalMatch.csproj", "{AA59B83E-E47A-44D1-896D-18805CA1D836}"
EndProject
Global
	GlobalSection(SolutionConfigurationPlatforms) = preSolution
		Debug|Any CPU = Debug|Any CPU
		Release|Any CPU = Release|Any CPU
	EndGlobalSection
	GlobalSection(ProjectConfigurationPlatforms) = postSolution
		{AA59B83E-E47A-44D1-896D-18805CA1D836}.Debug|Any CPU.ActiveCfg = Debug|Any CPU
		{AA59B83E-E47A-44D1-896D-18805CA1D836}.Debug|Any CPU.Build.0 = Debug|Any CPU
		{AA59B83E-E47A-44D1-896D-18805CA1D836}.Release|Any CPU.ActiveCfg = Release|Any CPU
		{AA59B83E-E47A-44D1-896D-18805CA1D836}.Release|Any CPU.Build.0 = Release|Any CPU
	EndGlobalSection
	GlobalSection(SolutionProperties) = preSolution
		HideSolutionNode = FALSE
	EndGlobalSection
	GlobalSection(ExtensibilityGlobals) = postSolution
		SolutionGuid = {EE846A57-9388-4304-8F80-0BB22FCA06E9}
	EndGlobalSection
EndGlobal
